
Microsoft Visual Studio Solution File, Format Version 12.00
# Visual Studio Version 17
VisualStudioVersion = 17.3.32819.101
MinimumVisualStudioVersion = 10.0.40219.1
Project("{FAE04EC0-301F-11D3-BF4B-00C04F79EFBC}") = "Assignment2-CSharpOOPClassAssignment", "Assignment2-CSharpOOPClassAssignment.csproj", "{44765929-D820-47C2-9F4B-48214408301C}"
EndProject
Global
	GlobalSection(SolutionConfigurationPlatforms) = preSolution
		Debug|Any CPU = Debug|Any CPU
		Release|Any CPU = Release|Any CPU
	EndGlobalSection
	GlobalSection(ProjectConfigurationPlatforms) = postSolution
		{44765929-D820-47C2-9F4B-48214408301C}.Debug|Any CPU.ActiveCfg = Debug|Any CPU
		{44765929-D820-47C2-9F4B-48214408301C}.Debug|Any CPU.Build.0 = Debug|Any CPU
		{44765929-D820-47C2-9F4B-48214408301C}.Release|Any CPU.ActiveCfg = Release|Any CPU
		{44765929-D820-47C2-9F4B-48214408301C}.Release|Any CPU.Build.0 = Release|Any CPU
	EndGlobalSection
	GlobalSection(SolutionProperties) = preSolution
		HideSolutionNode = FALSE
	EndGlobalSection
	GlobalSection(ExtensibilityGlobals) = postSolution
		SolutionGuid = {146898F6-489D-4152-9E55-28D0A8C7D7AF}
	EndGlobalSection
EndGlobal
