
Microsoft Visual Studio Solution File, Format Version 12.00
# Visual Studio Version 17
VisualStudioVersion = 17.3.32819.101
MinimumVisualStudioVersion = 10.0.40219.1
Project("{FAE04EC0-301F-11D3-BF4B-00C04F79EFBC}") = "Task2", "Task2.csproj", "{D21165B4-8075-467E-8371-7EB65C970730}"
EndProject
Global
	GlobalSection(SolutionConfigurationPlatforms) = preSolution
		Debug|Any CPU = Debug|Any CPU
		Release|Any CPU = Release|Any CPU
	EndGlobalSection
	GlobalSection(ProjectConfigurationPlatforms) = postSolution
		{D21165B4-8075-467E-8371-7EB65C970730}.Debug|Any CPU.ActiveCfg = Debug|Any CPU
		{D21165B4-8075-467E-8371-7EB65C970730}.Debug|Any CPU.Build.0 = Debug|Any CPU
		{D21165B4-8075-467E-8371-7EB65C970730}.Release|Any CPU.ActiveCfg = Release|Any CPU
		{D21165B4-8075-467E-8371-7EB65C970730}.Release|Any CPU.Build.0 = Release|Any CPU
	EndGlobalSection
	GlobalSection(SolutionProperties) = preSolution
		HideSolutionNode = FALSE
	EndGlobalSection
	GlobalSection(ExtensibilityGlobals) = postSolution
		SolutionGuid = {78537F8C-85A6-4A65-B600-64B8DF949BFD}
	EndGlobalSection
EndGlobal
