
Microsoft Visual Studio Solution File, Format Version 12.00
# Visual Studio Version 17
VisualStudioVersion = 17.3.32819.101
MinimumVisualStudioVersion = 10.0.40219.1
Project("{FAE04EC0-301F-11D3-BF4B-00C04F79EFBC}") = "Assignment1", "Assignment1.csproj", "{D80FDC9A-5BF8-44DA-9B64-CC5A256B1662}"
EndProject
Global
	GlobalSection(SolutionConfigurationPlatforms) = preSolution
		Debug|Any CPU = Debug|Any CPU
		Release|Any CPU = Release|Any CPU
	EndGlobalSection
	GlobalSection(ProjectConfigurationPlatforms) = postSolution
		{D80FDC9A-5BF8-44DA-9B64-CC5A256B1662}.Debug|Any CPU.ActiveCfg = Debug|Any CPU
		{D80FDC9A-5BF8-44DA-9B64-CC5A256B1662}.Debug|Any CPU.Build.0 = Debug|Any CPU
		{D80FDC9A-5BF8-44DA-9B64-CC5A256B1662}.Release|Any CPU.ActiveCfg = Release|Any CPU
		{D80FDC9A-5BF8-44DA-9B64-CC5A256B1662}.Release|Any CPU.Build.0 = Release|Any CPU
	EndGlobalSection
	GlobalSection(SolutionProperties) = preSolution
		HideSolutionNode = FALSE
	EndGlobalSection
	GlobalSection(ExtensibilityGlobals) = postSolution
		SolutionGuid = {49D1861A-5C6A-40CB-BC3E-61E418B82EED}
	EndGlobalSection
EndGlobal
